// !$*UTF8*$!
{
	archiveVersion = 1;
	classes = {
	};
	objectVersion = 50;
	objects = {

/* Begin PBXBuildFile section */
		5684C5052275338C00429539 /* AppDelegate.swift in Sources */ = {isa = PBXBuildFile; fileRef = 5684C5042275338C00429539 /* AppDelegate.swift */; };
		5684C5072275338C00429539 /* ViewController.swift in Sources */ = {isa = PBXBuildFile; fileRef = 5684C5062275338C00429539 /* ViewController.swift */; };
		5684C50A2275338C00429539 /* Main.storyboard in Resources */ = {isa = PBXBuildFile; fileRef = 5684C5082275338C00429539 /* Main.storyboard */; };
		5684C50C2275338D00429539 /* Assets.xcassets in Resources */ = {isa = PBXBuildFile; fileRef = 5684C50B2275338D00429539 /* Assets.xcassets */; };
		5684C50F2275338D00429539 /* LaunchScreen.storyboard in Resources */ = {isa = PBXBuildFile; fileRef = 5684C50D2275338D00429539 /* LaunchScreen.storyboard */; };
		56D510AD2285D17E00FE7AC3 /* Consantrate.swift in Sources */ = {isa = PBXBuildFile; fileRef = 56D510AC2285D17E00FE7AC3 /* Consantrate.swift */; };
		56D510AF2285D35200FE7AC3 /* Card.swift in Sources */ = {isa = PBXBuildFile; fileRef = 56D510AE2285D35200FE7AC3 /* Card.swift */; };
/* End PBXBuildFile section */

/* Begin PBXFileReference section */
		5684C5012275338C00429539 /* Podcast Consantrate.app */ = {isa = PBXFileReference; explicitFileType = wrapper.application; includeInIndex = 0; path = "Podcast Consantrate.app"; sourceTree = BUILT_PRODUCTS_DIR; };
		5684C5042275338C00429539 /* AppDelegate.swift */ = {isa = PBXFileReference; lastKnownFileType = sourcecode.swift; path = AppDelegate.swift; sourceTree = "<group>"; };
		5684C5062275338C00429539 /* ViewController.swift */ = {isa = PBXFileReference; lastKnownFileType = sourcecode.swift; path = ViewController.swift; sourceTree = "<group>"; };
		5684C5092275338C00429539 /* Base */ = {isa = PBXFileReference; lastKnownFileType = file.storyboard; name = Base; path = Base.lproj/Main.storyboard; sourceTree = "<group>"; };
		5684C50B2275338D00429539 /* Assets.xcassets */ = {isa = PBXFileReference; lastKnownFileType = folder.assetcatalog; path = Assets.xcassets; sourceTree = "<group>"; };
		5684C50E2275338D00429539 /* Base */ = {isa = PBXFileReference; lastKnownFileType = file.storyboard; name = Base; path = Base.lproj/LaunchScreen.storyboard; sourceTree = "<group>"; };
		5684C5102275338D00429539 /* Info.plist */ = {isa = PBXFileReference; lastKnownFileType = text.plist.xml; path = Info.plist; sourceTree = "<group>"; };
		56D510AC2285D17E00FE7AC3 /* Consantrate.swift */ = {isa = PBXFileReference; lastKnownFileType = sourcecode.swift; path = Consantrate.swift; sourceTree = "<group>"; };
		56D510AE2285D35200FE7AC3 /* Card.swift */ = {isa = PBXFileReference; lastKnownFileType = sourcecode.swift; path = Card.swift; sourceTree = "<group>"; };
/* End PBXFileReference section */

/* Begin PBXFrameworksBuildPhase section */
		5684C4FE2275338C00429539 /* Frameworks */ = {
			isa = PBXFrameworksBuildPhase;
			buildActionMask = 2147483647;
			files = (
			);
			runOnlyForDeploymentPostprocessing = 0;
		};
/* End PBXFrameworksBuildPhase section */

/* Begin PBXGroup section */
		5684C4F82275338C00429539 = {
			isa = PBXGroup;
			children = (
				5684C5032275338C00429539 /* Podcast Consantrate */,
				5684C5022275338C00429539 /* Products */,
			);
			sourceTree = "<group>";
		};
		5684C5022275338C00429539 /* Products */ = {
			isa = PBXGroup;
			children = (
				5684C5012275338C00429539 /* Podcast Consantrate.app */,
			);
			name = Products;
			sourceTree = "<group>";
		};
		5684C5032275338C00429539 /* Podcast Consantrate */ = {
			isa = PBXGroup;
			children = (
				5684C5062275338C00429539 /* ViewController.swift */,
				5684C5082275338C00429539 /* Main.storyboard */,
				56D510AC2285D17E00FE7AC3 /* Consantrate.swift */,
				56D510AE2285D35200FE7AC3 /* Card.swift */,
				5684C516227534F900429539 /* Supporting files */,
				5684C5102275338D00429539 /* Info.plist */,
			);
			path = "Podcast Consantrate";
			sourceTree = "<group>";
		};
		5684C516227534F900429539 /* Supporting files */ = {
			isa = PBXGroup;
			children = (
				5684C5042275338C00429539 /* AppDelegate.swift */,
				5684C50B2275338D00429539 /* Assets.xcassets */,
				5684C50D2275338D00429539 /* LaunchScreen.storyboard */,
			);
			path = "Supporting files";
			sourceTree = "<group>";
		};
/* End PBXGroup section */

/* Begin PBXNativeTarget section */
		5684C5002275338C00429539 /* Podcast Consantrate */ = {
			isa = PBXNativeTarget;
			buildConfigurationList = 5684C5132275338D00429539 /* Build configuration list for PBXNativeTarget "Podcast Consantrate" */;
			buildPhases = (
				5684C4FD2275338C00429539 /* Sources */,
				5684C4FE2275338C00429539 /* Frameworks */,
				5684C4FF2275338C00429539 /* Resources */,
			);
			buildRules = (
			);
			dependencies = (
			);
			name = "Podcast Consantrate";
			productName = "Podcast Consantrate";
			productReference = 5684C5012275338C00429539 /* Podcast Consantrate.app */;
			productType = "com.apple.product-type.application";
		};
/* End PBXNativeTarget section */

/* Begin PBXProject section */
		5684C4F92275338C00429539 /* Project object */ = {
			isa = PBXProject;
			attributes = {
				LastSwiftUpdateCheck = 1020;
				LastUpgradeCheck = 1020;
				ORGANIZATIONNAME = "Heshan Yodagama";
				TargetAttributes = {
					5684C5002275338C00429539 = {
						CreatedOnToolsVersion = 10.2;
					};
				};
			};
			buildConfigurationList = 5684C4FC2275338C00429539 /* Build configuration list for PBXProject "Podcast Consantrate" */;
			compatibilityVersion = "Xcode 9.3";
			developmentRegion = en;
			hasScannedForEncodings = 0;
			knownRegions = (
				en,
				Base,
			);
			mainGroup = 5684C4F82275338C00429539;
			productRefGroup = 5684C5022275338C00429539 /* Products */;
			projectDirPath = "";
			projectRoot = "";
			targets = (
				5684C5002275338C00429539 /* Podcast Consantrate */,
			);
		};
/* End PBXProject section */

/* Begin PBXResourcesBuildPhase section */
		5684C4FF2275338C00429539 /* Resources */ = {
			isa = PBXResourcesBuildPhase;
			buildActionMask = 2147483647;
			files = (
				5684C50F2275338D00429539 /* LaunchScreen.storyboard in Resources */,
				5684C50C2275338D00429539 /* Assets.xcassets in Resources */,
				5684C50A2275338C00429539 /* Main.storyboard in Resources */,
			);
			runOnlyForDeploymentPostprocessing = 0;
		};
/* End PBXResourcesBuildPhase section */

/* Begin PBXSourcesBuildPhase section */
		5684C4FD2275338C00429539 /* Sources */ = {
			isa = PBXSourcesBuildPhase;
			buildActionMask = 2147483647;
			files = (
				5684C5072275338C00429539 /* ViewController.swift in Sources */,
				56D510AD2285D17E00FE7AC3 /* Consantrate.swift in Sources */,
				5684C5052275338C00429539 /* AppDelegate.swift in Sources */,
				56D510AF2285D35200FE7AC3 /* Card.swift in Sources */,
			);
			runOnlyForDeploymentPostprocessing = 0;
		};
/* End PBXSourcesBuildPhase section */

/* Begin PBXVariantGroup section */
		5684C5082275338C00429539 /* Main.storyboard */ = {
			isa = PBXVariantGroup;
			children = (
				5684C5092275338C00429539 /* Base */,
			);
			name = Main.storyboard;
			sourceTree = "<group>";
		};
		5684C50D2275338D00429539 /* LaunchScreen.storyboard */ = {
			isa = PBXVariantGroup;
			children = (
				5684C50E2275338D00429539 /* Base */,
			);
			name = LaunchScreen.storyboard;
			sourceTree = "<group>";
		};
/* End PBXVariantGroup section */

/* Begin XCBuildConfiguration section */
		5684C5112275338D00429539 /* Debug */ = {
			isa = XCBuildConfiguration;
			buildSettings = {
				ALWAYS_SEARCH_USER_PATHS = NO;
				CLANG_ANALYZER_NONNULL = YES;
				CLANG_ANALYZER_NUMBER_OBJECT_CONVERSION = YES_AGGRESSIVE;
				CLANG_CXX_LANGUAGE_STANDARD = "gnu++14";
				CLANG_CXX_LIBRARY = "libc++";
				CLANG_ENABLE_MODULES = YES;
				CLANG_ENABLE_OBJC_ARC = YES;
				CLANG_ENABLE_OBJC_WEAK = YES;
				CLANG_WARN_BLOCK_CAPTURE_AUTORELEASING = YES;
				CLANG_WARN_BOOL_CONVERSION = YES;
				CLANG_WARN_COMMA = YES;
				CLANG_WARN_CONSTANT_CONVERSION = YES;
				CLANG_WARN_DEPRECATED_OBJC_IMPLEMENTATIONS = YES;
				CLANG_WARN_DIRECT_OBJC_ISA_USAGE = YES_ERROR;
				CLANG_WARN_DOCUMENTATION_COMMENTS = YES;
				CLANG_WARN_EMPTY_BODY = YES;
				CLANG_WARN_ENUM_CONVERSION = YES;
				CLANG_WARN_INFINITE_RECURSION = YES;
				CLANG_WARN_INT_CONVERSION = YES;
				CLANG_WARN_NON_LITERAL_NULL_CONVERSION = YES;
				CLANG_WARN_OBJC_IMPLICIT_RETAIN_SELF = YES;
				CLANG_WARN_OBJC_LITERAL_CONVERSION = YES;
				CLANG_WARN_OBJC_ROOT_CLASS = YES_ERROR;
				CLANG_WARN_RANGE_LOOP_ANALYSIS = YES;
				CLANG_WARN_STRICT_PROTOTYPES = YES;
				CLANG_WARN_SUSPICIOUS_MOVE = YES;
				CLANG_WARN_UNGUARDED_AVAILABILITY = YES_AGGRESSIVE;
				CLANG_WARN_UNREACHABLE_CODE = YES;
				CLANG_WARN__DUPLICATE_METHOD_MATCH = YES;
				CODE_SIGN_IDENTITY = "iPhone Developer";
				COPY_PHASE_STRIP = NO;
				DEBUG_INFORMATION_FORMAT = dwarf;
				ENABLE_STRICT_OBJC_MSGSEND = YES;
				ENABLE_TESTABILITY = YES;
				GCC_C_LANGUAGE_STANDARD = gnu11;
				GCC_DYNAMIC_NO_PIC = NO;
				GCC_NO_COMMON_BLOCKS = YES;
				GCC_OPTIMIZATION_LEVEL = 0;
				GCC_PREPROCESSOR_DEFINITIONS = (
					"DEBUG=1",
					"$(inherited)",
				);
				GCC_WARN_64_TO_32_BIT_CONVERSION = YES;
				GCC_WARN_ABOUT_RETURN_TYPE = YES_ERROR;
				GCC_WARN_UNDECLARED_SELECTOR = YES;
				GCC_WARN_UNINITIALIZED_AUTOS = YES_AGGRESSIVE;
				GCC_WARN_UNUSED_FUNCTION = YES;
				GCC_WARN_UNUSED_VARIABLE = YES;
				IPHONEOS_DEPLOYMENT_TARGET = 12.2;
				MTL_ENABLE_DEBUG_INFO = INCLUDE_SOURCE;
				MTL_FAST_MATH = YES;
				ONLY_ACTIVE_ARCH = YES;
				SDKROOT = iphoneos;
				SWIFT_ACTIVE_COMPILATION_CONDITIONS = DEBUG;
				SWIFT_OPTIMIZATION_LEVEL = "-Onone";
			};
			name = Debug;
		};
		5684C5122275338D00429539 /* Release */ = {
			isa = XCBuildConfiguration;
			buildSettings = {
				ALWAYS_SEARCH_USER_PATHS = NO;
				CLANG_ANALYZER_NONNULL = YES;
				CLANG_ANALYZER_NUMBER_OBJECT_CONVERSION = YES_AGGRESSIVE;
				CLANG_CXX_LANGUAGE_STANDARD = "gnu++14";
				CLANG_CXX_LIBRARY = "libc++";
				CLANG_ENABLE_MODULES = YES;
				CLANG_ENABLE_OBJC_ARC = YES;
				CLANG_ENABLE_OBJC_WEAK = YES;
				CLANG_WARN_BLOCK_CAPTURE_AUTORELEASING = YES;
				CLANG_WARN_BOOL_CONVERSION = YES;
				CLANG_WARN_COMMA = YES;
				CLANG_WARN_CONSTANT_CONVERSION = YES;
				CLANG_WARN_DEPRECATED_OBJC_IMPLEMENTATIONS = YES;
				CLANG_WARN_DIRECT_OBJC_ISA_USAGE = YES_ERROR;
				CLANG_WARN_DOCUMENTATION_COMMENTS = YES;
				CLANG_WARN_EMPTY_BODY = YES;
				CLANG_WARN_ENUM_CONVERSION = YES;
				CLANG_WARN_INFINITE_RECURSION = YES;
				CLANG_WARN_INT_CONVERSION = YES;
				CLANG_WARN_NON_LITERAL_NULL_CONVERSION = YES;
				CLANG_WARN_OBJC_IMPLICIT_RETAIN_SELF = YES;
				CLANG_WARN_OBJC_LITERAL_CONVERSION = YES;
				CLANG_WARN_OBJC_ROOT_CLASS = YES_ERROR;
				CLANG_WARN_RANGE_LOOP_ANALYSIS = YES;
				CLANG_WARN_STRICT_PROTOTYPES = YES;
				CLANG_WARN_SUSPICIOUS_MOVE = YES;
				CLANG_WARN_UNGUARDED_AVAILABILITY = YES_AGGRESSIVE;
				CLANG_WARN_UNREACHABLE_CODE = YES;
				CLANG_WARN__DUPLICATE_METHOD_MATCH = YES;
				CODE_SIGN_IDENTITY = "iPhone Developer";
				COPY_PHASE_STRIP = NO;
				DEBUG_INFORMATION_FORMAT = "dwarf-with-dsym";
				ENABLE_NS_ASSERTIONS = NO;
				ENABLE_STRICT_OBJC_MSGSEND = YES;
				GCC_C_LANGUAGE_STANDARD = gnu11;
				GCC_NO_COMMON_BLOCKS = YES;
				GCC_WARN_64_TO_32_BIT_CONVERSION = YES;
				GCC_WARN_ABOUT_RETURN_TYPE = YES_ERROR;
				GCC_WARN_UNDECLARED_SELECTOR = YES;
				GCC_WARN_UNINITIALIZED_AUTOS = YES_AGGRESSIVE;
				GCC_WARN_UNUSED_FUNCTION = YES;
				GCC_WARN_UNUSED_VARIABLE = YES;
				IPHONEOS_DEPLOYMENT_TARGET = 12.2;
				MTL_ENABLE_DEBUG_INFO = NO;
				MTL_FAST_MATH = YES;
				SDKROOT = iphoneos;
				SWIFT_COMPILATION_MODE = wholemodule;
				SWIFT_OPTIMIZATION_LEVEL = "-O";
				VALIDATE_PRODUCT = YES;
			};
			name = Release;
		};
		5684C5142275338D00429539 /* Debug */ = {
			isa = XCBuildConfiguration;
			buildSettings = {
				ASSETCATALOG_COMPILER_APPICON_NAME = AppIcon;
				CODE_SIGN_STYLE = Automatic;
				DEVELOPMENT_TEAM = Q5KJ24W38Y;
				INFOPLIST_FILE = "Podcast Consantrate/Info.plist";
				LD_RUNPATH_SEARCH_PATHS = (
					"$(inherited)",
					"@executable_path/Frameworks",
				);
				PRODUCT_BUNDLE_IDENTIFIER = "first.Podcast-Consantrate";
				PRODUCT_NAME = "$(TARGET_NAME)";
				SWIFT_VERSION = 5.0;
				TARGETED_DEVICE_FAMILY = "1,2";
			};
			name = Debug;
		};
		5684C5152275338D00429539 /* Release */ = {
			isa = XCBuildConfiguration;
			buildSettings = {
				ASSETCATALOG_COMPILER_APPICON_NAME = AppIcon;
				CODE_SIGN_STYLE = Automatic;
				DEVELOPMENT_TEAM = Q5KJ24W38Y;
				INFOPLIST_FILE = "Podcast Consantrate/Info.plist";
				LD_RUNPATH_SEARCH_PATHS = (
					"$(inherited)",
					"@executable_path/Frameworks",
				);
				PRODUCT_BUNDLE_IDENTIFIER = "first.Podcast-Consantrate";
				PRODUCT_NAME = "$(TARGET_NAME)";
				SWIFT_VERSION = 5.0;
				TARGETED_DEVICE_FAMILY = "1,2";
			};
			name = Release;
		};
/* End XCBuildConfiguration section */

/* Begin XCConfigurationList section */
		5684C4FC2275338C00429539 /* Build configuration list for PBXProject "Podcast Consantrate" */ = {
			isa = XCConfigurationList;
			buildConfigurations = (
				5684C5112275338D00429539 /* Debug */,
				5684C5122275338D00429539 /* Release */,
			);
			defaultConfigurationIsVisible = 0;
			defaultConfigurationName = Release;
		};
		5684C5132275338D00429539 /* Build configuration list for PBXNativeTarget "Podcast Consantrate" */ = {
			isa = XCConfigurationList;
			buildConfigurations = (
				5684C5142275338D00429539 /* Debug */,
				5684C5152275338D00429539 /* Release */,
			);
			defaultConfigurationIsVisible = 0;
			defaultConfigurationName = Release;
		};
/* End XCConfigurationList section */
	};
	rootObject = 5684C4F92275338C00429539 /* Project object */;
}
